
Microsoft Visual Studio Solution File, Format Version 12.00
# Visual Studio 2013
VisualStudioVersion = 12.0.31101.0
MinimumVisualStudioVersion = 10.0.40219.1
Project("{FAE04EC0-301F-11D3-BF4B-00C04F79EFBC}") = "UpdateLib", "UpdateLib.csproj", "{15B6AAC4-3339-475E-861B-A8E606A32586}"
EndProject
Project("{FAE04EC0-301F-11D3-BF4B-00C04F79EFBC}") = "TestWpfApp", "..\TestWpfApp\TestWpfApp.csproj", "{743613A5-B929-495A-87C7-AFB34CBBF450}"
EndProject
Global
	GlobalSection(SolutionConfigurationPlatforms) = preSolution
		Debug|Any CPU = Debug|Any CPU
		Release|Any CPU = Release|Any CPU
	EndGlobalSection
	GlobalSection(ProjectConfigurationPlatforms) = postSolution
		{15B6AAC4-3339-475E-861B-A8E606A32586}.Debug|Any CPU.ActiveCfg = Debug|Any CPU
		{15B6AAC4-3339-475E-861B-A8E606A32586}.Debug|Any CPU.Build.0 = Debug|Any CPU
		{15B6AAC4-3339-475E-861B-A8E606A32586}.Release|Any CPU.ActiveCfg = Release|Any CPU
		{15B6AAC4-3339-475E-861B-A8E606A32586}.Release|Any CPU.Build.0 = Release|Any CPU
		{743613A5-B929-495A-87C7-AFB34CBBF450}.Debug|Any CPU.ActiveCfg = Debug|Any CPU
		{743613A5-B929-495A-87C7-AFB34CBBF450}.Debug|Any CPU.Build.0 = Debug|Any CPU
		{743613A5-B929-495A-87C7-AFB34CBBF450}.Release|Any CPU.ActiveCfg = Release|Any CPU
		{743613A5-B929-495A-87C7-AFB34CBBF450}.Release|Any CPU.Build.0 = Release|Any CPU
	EndGlobalSection
	GlobalSection(SolutionProperties) = preSolution
		HideSolutionNode = FALSE
	EndGlobalSection
EndGlobal
